
Microsoft Visual Studio Solution File, Format Version 12.00
# Visual Studio Version 17
VisualStudioVersion = 17.3.32901.215
MinimumVisualStudioVersion = 10.0.40219.1
Project("{FAE04EC0-301F-11D3-BF4B-00C04F79EFBC}") = "Lab1WpfApp1", "Lab1WpfApp1\Lab1WpfApp1.csproj", "{EF9B5AFC-3011-4B64-BDB1-7896682259EE}"
EndProject
Global
	GlobalSection(SolutionConfigurationPlatforms) = preSolution
		Debug|Any CPU = Debug|Any CPU
		Release|Any CPU = Release|Any CPU
	EndGlobalSection
	GlobalSection(ProjectConfigurationPlatforms) = postSolution
		{EF9B5AFC-3011-4B64-BDB1-7896682259EE}.Debug|Any CPU.ActiveCfg = Debug|Any CPU
		{EF9B5AFC-3011-4B64-BDB1-7896682259EE}.Debug|Any CPU.Build.0 = Debug|Any CPU
		{EF9B5AFC-3011-4B64-BDB1-7896682259EE}.Release|Any CPU.ActiveCfg = Release|Any CPU
		{EF9B5AFC-3011-4B64-BDB1-7896682259EE}.Release|Any CPU.Build.0 = Release|Any CPU
	EndGlobalSection
	GlobalSection(SolutionProperties) = preSolution
		HideSolutionNode = FALSE
	EndGlobalSection
	GlobalSection(ExtensibilityGlobals) = postSolution
		SolutionGuid = {4DBF5F7B-2301-4873-8707-7EA8F5B5733D}
	EndGlobalSection
EndGlobal
